
Microsoft Visual Studio Solution File, Format Version 12.00
# Visual Studio 15
VisualStudioVersion = 15.0.27428.2011
MinimumVisualStudioVersion = 10.0.40219.1
Project("{8BC9CEB8-8B4A-11D0-8D11-00A0C91BC942}") = "Project1", "Project1\Project1.vcxproj", "{4C198EC0-6274-48CC-88E4-245B8D636A1C}"
EndProject
Global
	GlobalSection(SolutionConfigurationPlatforms) = preSolution
		Debug|ARM = Debug|ARM
		Debug|x64 = Debug|x64
		Debug|x86 = Debug|x86
		Release|ARM = Release|ARM
		Release|x64 = Release|x64
		Release|x86 = Release|x86
	EndGlobalSection
	GlobalSection(ProjectConfigurationPlatforms) = postSolution
		{4C198EC0-6274-48CC-88E4-245B8D636A1C}.Debug|ARM.ActiveCfg = Debug|ARM
		{4C198EC0-6274-48CC-88E4-245B8D636A1C}.Debug|ARM.Build.0 = Debug|ARM
		{4C198EC0-6274-48CC-88E4-245B8D636A1C}.Debug|x64.ActiveCfg = Debug|x64
		{4C198EC0-6274-48CC-88E4-245B8D636A1C}.Debug|x64.Build.0 = Debug|x64
		{4C198EC0-6274-48CC-88E4-245B8D636A1C}.Debug|x86.ActiveCfg = Debug|x86
		{4C198EC0-6274-48CC-88E4-245B8D636A1C}.Debug|x86.Build.0 = Debug|x86
		{4C198EC0-6274-48CC-88E4-245B8D636A1C}.Release|ARM.ActiveCfg = Release|ARM
		{4C198EC0-6274-48CC-88E4-245B8D636A1C}.Release|ARM.Build.0 = Release|ARM
		{4C198EC0-6274-48CC-88E4-245B8D636A1C}.Release|x64.ActiveCfg = Release|x64
		{4C198EC0-6274-48CC-88E4-245B8D636A1C}.Release|x64.Build.0 = Release|x64
		{4C198EC0-6274-48CC-88E4-245B8D636A1C}.Release|x86.ActiveCfg = Release|x86
		{4C198EC0-6274-48CC-88E4-245B8D636A1C}.Release|x86.Build.0 = Release|x86
	EndGlobalSection
	GlobalSection(SolutionProperties) = preSolution
		HideSolutionNode = FALSE
	EndGlobalSection
	GlobalSection(ExtensibilityGlobals) = postSolution
		SolutionGuid = {EBD77383-6658-438A-BEB6-9FCEBCB1FB42}
	EndGlobalSection
EndGlobal
